
Microsoft Visual Studio Solution File, Format Version 12.00
# Visual Studio Version 17
VisualStudioVersion = 17.0.32112.339
MinimumVisualStudioVersion = 10.0.40219.1
Project("{9A19103F-16F7-4668-BE54-9A1E7A4F7556}") = "Company", "Company\Company.csproj", "{9E915920-051B-4BB1-94D6-8AC0A572F620}"
EndProject
Project("{9A19103F-16F7-4668-BE54-9A1E7A4F7556}") = "Logging", "Logging\Logging.csproj", "{58E8E1EB-35ED-4C72-B64D-27688517DF53}"
EndProject
Project("{9A19103F-16F7-4668-BE54-9A1E7A4F7556}") = "FileReaders", "FileReaders\FileReaders.csproj", "{466AA72D-2F93-4012-9EC9-8D07B76F5517}"
EndProject
Project("{9A19103F-16F7-4668-BE54-9A1E7A4F7556}") = "ToDoList", "ToDoList\ToDoList.csproj", "{05B620CC-A148-4914-8073-07C5999F54C0}"
EndProject
Project("{9A19103F-16F7-4668-BE54-9A1E7A4F7556}") = "Montecarlo", "Montecarlo\Montecarlo.csproj", "{E9C9DC11-1AF7-4B6C-93AD-2E8D29F4FC1E}"
EndProject
Project("{9A19103F-16F7-4668-BE54-9A1E7A4F7556}") = "CodeCheck", "CodeCheck\CodeCheck.csproj", "{86689068-B8CD-4536-BCD7-329D6BBBA549}"
EndProject
Project("{9A19103F-16F7-4668-BE54-9A1E7A4F7556}") = "Tic-Tac_Toe", "Tic-Tac_Toe\Tic-Tac_Toe.csproj", "{1CAF7674-728F-4206-B50E-010F97AB169C}"
EndProject
Project("{9A19103F-16F7-4668-BE54-9A1E7A4F7556}") = "Pexeso", "Pexeso\Pexeso.csproj", "{7F581C78-79FE-4901-932B-D70533145AA4}"
EndProject
Project("{FAE04EC0-301F-11D3-BF4B-00C04F79EFBC}") = "Extensions", "Extensions\Extensions.csproj", "{95CA647D-D24C-45B5-A41A-DE8D2EE4CE8C}"
EndProject
Global
	GlobalSection(SolutionConfigurationPlatforms) = preSolution
		Debug|Any CPU = Debug|Any CPU
		Release|Any CPU = Release|Any CPU
	EndGlobalSection
	GlobalSection(ProjectConfigurationPlatforms) = postSolution
		{9E915920-051B-4BB1-94D6-8AC0A572F620}.Debug|Any CPU.ActiveCfg = Debug|Any CPU
		{9E915920-051B-4BB1-94D6-8AC0A572F620}.Debug|Any CPU.Build.0 = Debug|Any CPU
		{9E915920-051B-4BB1-94D6-8AC0A572F620}.Release|Any CPU.ActiveCfg = Release|Any CPU
		{9E915920-051B-4BB1-94D6-8AC0A572F620}.Release|Any CPU.Build.0 = Release|Any CPU
		{58E8E1EB-35ED-4C72-B64D-27688517DF53}.Debug|Any CPU.ActiveCfg = Debug|Any CPU
		{58E8E1EB-35ED-4C72-B64D-27688517DF53}.Debug|Any CPU.Build.0 = Debug|Any CPU
		{58E8E1EB-35ED-4C72-B64D-27688517DF53}.Release|Any CPU.ActiveCfg = Release|Any CPU
		{58E8E1EB-35ED-4C72-B64D-27688517DF53}.Release|Any CPU.Build.0 = Release|Any CPU
		{466AA72D-2F93-4012-9EC9-8D07B76F5517}.Debug|Any CPU.ActiveCfg = Debug|Any CPU
		{466AA72D-2F93-4012-9EC9-8D07B76F5517}.Debug|Any CPU.Build.0 = Debug|Any CPU
		{466AA72D-2F93-4012-9EC9-8D07B76F5517}.Release|Any CPU.ActiveCfg = Release|Any CPU
		{466AA72D-2F93-4012-9EC9-8D07B76F5517}.Release|Any CPU.Build.0 = Release|Any CPU
		{05B620CC-A148-4914-8073-07C5999F54C0}.Debug|Any CPU.ActiveCfg = Debug|Any CPU
		{05B620CC-A148-4914-8073-07C5999F54C0}.Debug|Any CPU.Build.0 = Debug|Any CPU
		{05B620CC-A148-4914-8073-07C5999F54C0}.Release|Any CPU.ActiveCfg = Release|Any CPU
		{05B620CC-A148-4914-8073-07C5999F54C0}.Release|Any CPU.Build.0 = Release|Any CPU
		{E9C9DC11-1AF7-4B6C-93AD-2E8D29F4FC1E}.Debug|Any CPU.ActiveCfg = Debug|Any CPU
		{E9C9DC11-1AF7-4B6C-93AD-2E8D29F4FC1E}.Debug|Any CPU.Build.0 = Debug|Any CPU
		{E9C9DC11-1AF7-4B6C-93AD-2E8D29F4FC1E}.Release|Any CPU.ActiveCfg = Release|Any CPU
		{E9C9DC11-1AF7-4B6C-93AD-2E8D29F4FC1E}.Release|Any CPU.Build.0 = Release|Any CPU
		{86689068-B8CD-4536-BCD7-329D6BBBA549}.Debug|Any CPU.ActiveCfg = Debug|Any CPU
		{86689068-B8CD-4536-BCD7-329D6BBBA549}.Debug|Any CPU.Build.0 = Debug|Any CPU
		{86689068-B8CD-4536-BCD7-329D6BBBA549}.Release|Any CPU.ActiveCfg = Release|Any CPU
		{86689068-B8CD-4536-BCD7-329D6BBBA549}.Release|Any CPU.Build.0 = Release|Any CPU
		{1CAF7674-728F-4206-B50E-010F97AB169C}.Debug|Any CPU.ActiveCfg = Debug|Any CPU
		{1CAF7674-728F-4206-B50E-010F97AB169C}.Debug|Any CPU.Build.0 = Debug|Any CPU
		{1CAF7674-728F-4206-B50E-010F97AB169C}.Release|Any CPU.ActiveCfg = Release|Any CPU
		{1CAF7674-728F-4206-B50E-010F97AB169C}.Release|Any CPU.Build.0 = Release|Any CPU
		{7F581C78-79FE-4901-932B-D70533145AA4}.Debug|Any CPU.ActiveCfg = Debug|Any CPU
		{7F581C78-79FE-4901-932B-D70533145AA4}.Debug|Any CPU.Build.0 = Debug|Any CPU
		{7F581C78-79FE-4901-932B-D70533145AA4}.Release|Any CPU.ActiveCfg = Release|Any CPU
		{7F581C78-79FE-4901-932B-D70533145AA4}.Release|Any CPU.Build.0 = Release|Any CPU
		{95CA647D-D24C-45B5-A41A-DE8D2EE4CE8C}.Debug|Any CPU.ActiveCfg = Debug|Any CPU
		{95CA647D-D24C-45B5-A41A-DE8D2EE4CE8C}.Debug|Any CPU.Build.0 = Debug|Any CPU
		{95CA647D-D24C-45B5-A41A-DE8D2EE4CE8C}.Release|Any CPU.ActiveCfg = Release|Any CPU
		{95CA647D-D24C-45B5-A41A-DE8D2EE4CE8C}.Release|Any CPU.Build.0 = Release|Any CPU
	EndGlobalSection
	GlobalSection(SolutionProperties) = preSolution
		HideSolutionNode = FALSE
	EndGlobalSection
	GlobalSection(ExtensibilityGlobals) = postSolution
		SolutionGuid = {78B39C4D-5DDF-437F-9DCE-0D25B42C8677}
	EndGlobalSection
EndGlobal
