
Microsoft Visual Studio Solution File, Format Version 12.00
# Visual Studio Version 17
VisualStudioVersion = 17.0.32112.339
MinimumVisualStudioVersion = 10.0.40219.1
Project("{FAE04EC0-301F-11D3-BF4B-00C04F79EFBC}") = "hladanie značiek", "hladanie značiek.csproj", "{1805B454-E609-48B1-A775-A5BC49BEE923}"
EndProject
Global
	GlobalSection(SolutionConfigurationPlatforms) = preSolution
		Debug|Any CPU = Debug|Any CPU
		Release|Any CPU = Release|Any CPU
	EndGlobalSection
	GlobalSection(ProjectConfigurationPlatforms) = postSolution
		{1805B454-E609-48B1-A775-A5BC49BEE923}.Debug|Any CPU.ActiveCfg = Debug|Any CPU
		{1805B454-E609-48B1-A775-A5BC49BEE923}.Debug|Any CPU.Build.0 = Debug|Any CPU
		{1805B454-E609-48B1-A775-A5BC49BEE923}.Release|Any CPU.ActiveCfg = Release|Any CPU
		{1805B454-E609-48B1-A775-A5BC49BEE923}.Release|Any CPU.Build.0 = Release|Any CPU
	EndGlobalSection
	GlobalSection(SolutionProperties) = preSolution
		HideSolutionNode = FALSE
	EndGlobalSection
	GlobalSection(ExtensibilityGlobals) = postSolution
		SolutionGuid = {256246FB-4833-4654-8B88-9F8CFC75680D}
	EndGlobalSection
EndGlobal
